
Microsoft Visual Studio Solution File, Format Version 12.00
# Visual Studio 15
VisualStudioVersion = 15.0.26621.2
MinimumVisualStudioVersion = 10.0.40219.1
Project("{FAE04EC0-301F-11D3-BF4B-00C04F79EFBC}") = "AntiforgeryCryptoInternalCore20Preview2", "AntiforgeryCryptoInternalCore20Preview2\AntiforgeryCryptoInternalCore20Preview2.csproj", "{3B13E58B-F142-4DE5-8AE9-C20DA0BD57E6}"
EndProject
Global
	GlobalSection(SolutionConfigurationPlatforms) = preSolution
		Debug|Any CPU = Debug|Any CPU
		Release|Any CPU = Release|Any CPU
	EndGlobalSection
	GlobalSection(ProjectConfigurationPlatforms) = postSolution
		{3B13E58B-F142-4DE5-8AE9-C20DA0BD57E6}.Debug|Any CPU.ActiveCfg = Debug|Any CPU
		{3B13E58B-F142-4DE5-8AE9-C20DA0BD57E6}.Debug|Any CPU.Build.0 = Debug|Any CPU
		{3B13E58B-F142-4DE5-8AE9-C20DA0BD57E6}.Release|Any CPU.ActiveCfg = Release|Any CPU
		{3B13E58B-F142-4DE5-8AE9-C20DA0BD57E6}.Release|Any CPU.Build.0 = Release|Any CPU
	EndGlobalSection
	GlobalSection(SolutionProperties) = preSolution
		HideSolutionNode = FALSE
	EndGlobalSection
	GlobalSection(ExtensibilityGlobals) = postSolution
		SolutionGuid = {D7F98017-4D12-4543-8EE9-351F0A97F18D}
	EndGlobalSection
EndGlobal
